
Microsoft Visual Studio Solution File, Format Version 12.00
Project("{FAE04EC0-301F-11D3-BF4B-00C04F79EFBC}") = "HomeWork IT", "HomeWork IT\HomeWork IT.csproj", "{B7BEC43A-5A96-4318-9E38-81F53C55A653}"
EndProject
Global
	GlobalSection(SolutionConfigurationPlatforms) = preSolution
		Debug|Any CPU = Debug|Any CPU
		Release|Any CPU = Release|Any CPU
	EndGlobalSection
	GlobalSection(ProjectConfigurationPlatforms) = postSolution
		{B7BEC43A-5A96-4318-9E38-81F53C55A653}.Debug|Any CPU.ActiveCfg = Debug|Any CPU
		{B7BEC43A-5A96-4318-9E38-81F53C55A653}.Debug|Any CPU.Build.0 = Debug|Any CPU
		{B7BEC43A-5A96-4318-9E38-81F53C55A653}.Release|Any CPU.ActiveCfg = Release|Any CPU
		{B7BEC43A-5A96-4318-9E38-81F53C55A653}.Release|Any CPU.Build.0 = Release|Any CPU
	EndGlobalSection
EndGlobal
