
Microsoft Visual Studio Solution File, Format Version 12.00
Project("{FAE04EC0-301F-11D3-BF4B-00C04F79EFBC}") = "Test Learning", "Test Learning\Test Learning.csproj", "{A2BAE942-3A0D-4416-9D4B-7D1A228DA411}"
EndProject
Global
	GlobalSection(SolutionConfigurationPlatforms) = preSolution
		Debug|Any CPU = Debug|Any CPU
		Release|Any CPU = Release|Any CPU
	EndGlobalSection
	GlobalSection(ProjectConfigurationPlatforms) = postSolution
		{A2BAE942-3A0D-4416-9D4B-7D1A228DA411}.Debug|Any CPU.ActiveCfg = Debug|Any CPU
		{A2BAE942-3A0D-4416-9D4B-7D1A228DA411}.Debug|Any CPU.Build.0 = Debug|Any CPU
		{A2BAE942-3A0D-4416-9D4B-7D1A228DA411}.Release|Any CPU.ActiveCfg = Release|Any CPU
		{A2BAE942-3A0D-4416-9D4B-7D1A228DA411}.Release|Any CPU.Build.0 = Release|Any CPU
	EndGlobalSection
EndGlobal
